github.com/phayes/freeport v0.0.0-20220201140144-74d24b5ae9f5 h1:Ii+DKncOVM8Cu1Hc+ETb5K+23HdAMvESYE3ZJ5b5cMI=
github.com/phayes/freeport v0.0.0-20220201140144-74d24b5ae9f5/go.mod h1:iIss55rKnNBTvrwdmkUpLnDpZoAHvWaiq5+iMmen4AE=
github.com/webview/webview_go v0.0.0-20240831120633-6173450d4dd6 h1:VQpB2SpK88C6B5lPHTuSZKb2Qee1QWwiFlC5CKY4AW0=
github.com/webview/webview_go v0.0.0-20240831120633-6173450d4dd6/go.mod h1:yE65LFCeWf4kyWD5re+h4XNvOHJEXOCOuJZ4v8l5sgk=
golang.org/x/sys v0.19.0 h1:q5f1RH2jigJ1MoAWp2KTp3gm5zAGFUTarQZ5U386+4o=
golang.org/x/sys v0.19.0/go.mod h1:/VUhepiaJMQUp4+oa/7Zr1D23ma6VTLIYjOOTFZPUcA=
